dependencies:
- name: mongodb
  repository: https://charts.bitnami.com/bitnami
  version: 19.0.3
- name: redis
  repository: https://charts.bitnami.com/bitnami
  version: 25.5.3
- name: rabbitmq
  repository: https://charts.bitnami.com/bitnami
  version: 16.0.14
- name: minio
  repository: https://charts.bitnami.com/bitnami
  version: 17.0.21
digest: sha256:6cecab45cbae20e322ab62b9a6566ab16f638faff43acfa094500a0a0ddca70e
generated: "2026-05-17T12:56:02.747891705+02:00"
