dependencies:
- name: mongodb
  repository: https://charts.bitnami.com/bitnami
  version: 19.3.3
- name: valkey
  repository: https://groundhog2k.github.io/helm-charts
  version: 2.3.4
- name: rabbitmq
  repository: https://groundhog2k.github.io/helm-charts
  version: 2.3.9
- name: rustfs
  repository: https://rustfs.github.io/helm
  version: 0.12.0
digest: sha256:2be5ef528d785422ce85608928df9a822500419f384905df0b0da968e737349e
generated: "2026-10-05T19:02:54.400810455Z"
